# This file is automatically @generated by Cargo.
# It is not intended for manual editing.
version = 4

[[package]]
name = "refscape-app"
version = "0.1.0"
dependencies = [
 "refscape-application",
 "refscape-lsp",
 "refscape-model",
 "refscape-storage",
 "refscape-ui",
]

[[package]]
name = "refscape-application"
version = "0.1.0"
dependencies = [
 "refscape-model",
]

[[package]]
name = "refscape-lsp"
version = "0.1.0"
dependencies = [
 "refscape-application",
 "refscape-model",
]

[[package]]
name = "refscape-model"
version = "0.1.0"

[[package]]
name = "refscape-storage"
version = "0.1.0"
dependencies = [
 "refscape-application",
 "refscape-model",
]

[[package]]
name = "refscape-ui"
version = "0.1.0"
dependencies = [
 "refscape-application",
 "refscape-model",
]
